Microsoft Visual Studio Solution File, Format Version 12.00
# Visual Studio Version 17
VisualStudioVersion = 17.5.2.0
MinimumVisualStudioVersion = 10.0.40219.1
Project("{FAE04EC0-301F-11D3-BF4B-00C04F79EFBC}") = "Experimental01", "Experimental01.csproj", "{54B941C7-96E8-7D01-B872-6EF0E7ED0DF6}"
EndProject
Global
	GlobalSection(SolutionConfigurationPlatforms) = preSolution
		Debug|Any CPU = Debug|Any CPU
		Release|Any CPU = Release|Any CPU
	EndGlobalSection
	GlobalSection(ProjectConfigurationPlatforms) = postSolution
		{54B941C7-96E8-7D01-B872-6EF0E7ED0DF6}.Debug|Any CPU.ActiveCfg = Debug|Any CPU
		{54B941C7-96E8-7D01-B872-6EF0E7ED0DF6}.Debug|Any CPU.Build.0 = Debug|Any CPU
		{54B941C7-96E8-7D01-B872-6EF0E7ED0DF6}.Release|Any CPU.ActiveCfg = Release|Any CPU
		{54B941C7-96E8-7D01-B872-6EF0E7ED0DF6}.Release|Any CPU.Build.0 = Release|Any CPU
	EndGlobalSection
	GlobalSection(SolutionProperties) = preSolution
		HideSolutionNode = FALSE
	EndGlobalSection
	GlobalSection(ExtensibilityGlobals) = postSolution
		SolutionGuid = {00C6AC26-6B78-4889-A38A-52DD09A9D94A}
	EndGlobalSection
EndGlobal
